
Microsoft Visual Studio Solution File, Format Version 12.00
# Visual Studio 2013
VisualStudioVersion = 12.0.21005.1
MinimumVisualStudioVersion = 10.0.40219.1
Project("{8BC9CEB8-8B4A-11D0-8D11-00A0C91BC942}") = "KinectTest-SDL", "KinectTest-SDL\KinectTest-SDL.vcxproj", "{BBCA246B-171E-4ED2-9658-E907163D557A}"
EndProject
Project("{8BC9CEB8-8B4A-11D0-8D11-00A0C91BC942}") = "Kinect-Win32", "Kinect-Win32\Kinect-Win32.vcxproj", "{889DF8DC-F91E-4314-9EA6-32D4F56E7E70}"
EndProject
Global
	GlobalSection(SolutionConfigurationPlatforms) = preSolution
		Debug|Win32 = Debug|Win32
		Release|Win32 = Release|Win32
	EndGlobalSection
	GlobalSection(ProjectConfigurationPlatforms) = postSolution
		{BBCA246B-171E-4ED2-9658-E907163D557A}.Debug|Win32.ActiveCfg = Debug|Win32
		{BBCA246B-171E-4ED2-9658-E907163D557A}.Debug|Win32.Build.0 = Debug|Win32
		{BBCA246B-171E-4ED2-9658-E907163D557A}.Release|Win32.ActiveCfg = Release|Win32
		{BBCA246B-171E-4ED2-9658-E907163D557A}.Release|Win32.Build.0 = Release|Win32
		{889DF8DC-F91E-4314-9EA6-32D4F56E7E70}.Debug|Win32.ActiveCfg = Debug|Win32
		{889DF8DC-F91E-4314-9EA6-32D4F56E7E70}.Debug|Win32.Build.0 = Debug|Win32
		{889DF8DC-F91E-4314-9EA6-32D4F56E7E70}.Release|Win32.ActiveCfg = Release|Win32
		{889DF8DC-F91E-4314-9EA6-32D4F56E7E70}.Release|Win32.Build.0 = Release|Win32
	EndGlobalSection
	GlobalSection(SolutionProperties) = preSolution
		HideSolutionNode = FALSE
	EndGlobalSection
EndGlobal
